// !$*UTF8*$!
{
	archiveVersion = 1;
	classes = {
	};
	objectVersion = 46;
	objects = {

/* Begin PBXBuildFile section */
		825C30171D383A05005D7171 /* myChallengesViewController.swift in Sources */ = {isa = PBXBuildFile; fileRef = 825C30161D383A05005D7171 /* myChallengesViewController.swift */; };
		825C30191D383C82005D7171 /* myChallengeTableViewCell.swift in Sources */ = {isa = PBXBuildFile; fileRef = 825C30181D383C82005D7171 /* myChallengeTableViewCell.swift */; };
		82C6653B1D2DBF9000D642CA /* LoginViewController.swift in Sources */ = {isa = PBXBuildFile; fileRef = 82C6653A1D2DBF9000D642CA /* LoginViewController.swift */; };
		82C6654B1D2DC18D00D642CA /* FBSDKCoreKit.framework in Frameworks */ = {isa = PBXBuildFile; fileRef = 82C665481D2DC18D00D642CA /* FBSDKCoreKit.framework */; };
		82C6654C1D2DC18D00D642CA /* FBSDKLoginKit.framework in Frameworks */ = {isa = PBXBuildFile; fileRef = 82C665491D2DC18D00D642CA /* FBSDKLoginKit.framework */; };
		82C6654D1D2DC18D00D642CA /* FBSDKShareKit.framework in Frameworks */ = {isa = PBXBuildFile; fileRef = 82C6654A1D2DC18D00D642CA /* FBSDKShareKit.framework */; };
		82C94E6D1D38063B00E84D55 /* recordVideoViewController.swift in Sources */ = {isa = PBXBuildFile; fileRef = 82C94E6C1D38063B00E84D55 /* recordVideoViewController.swift */; };
		920A08F11D38584300A3785A /* Main.storyboard in Resources */ = {isa = PBXBuildFile; fileRef = 920A08EF1D38584300A3785A /* Main.storyboard */; };
		921430A01D2DCB0900F6B59F /* FBClient.swift in Sources */ = {isa = PBXBuildFile; fileRef = 9214309F1D2DCB0900F6B59F /* FBClient.swift */; };
		925D2D3A1D306A3700BAF3CC /* GoogleService-Info.plist in Resources */ = {isa = PBXBuildFile; fileRef = 925D2D391D306A3700BAF3CC /* GoogleService-Info.plist */; };
		925D2D3D1D3444B300BAF3CC /* Info.plist in Resources */ = {isa = PBXBuildFile; fileRef = 925D2D3C1D3444B300BAF3CC /* Info.plist */; };
		925D2D3F1D34492C00BAF3CC /* SendChallengeViewController.swift in Sources */ = {isa = PBXBuildFile; fileRef = 925D2D3E1D34492C00BAF3CC /* SendChallengeViewController.swift */; };
		925D2D411D344ACC00BAF3CC /* AddFriendViewController.swift in Sources */ = {isa = PBXBuildFile; fileRef = 925D2D401D344ACC00BAF3CC /* AddFriendViewController.swift */; };
		925D8E591D2D79C1000F44F7 /* AppDelegate.swift in Sources */ = {isa = PBXBuildFile; fileRef = 925D8E581D2D79C1000F44F7 /* AppDelegate.swift */; };
		925D8E5B1D2D79C1000F44F7 /* ViewController.swift in Sources */ = {isa = PBXBuildFile; fileRef = 925D8E5A1D2D79C1000F44F7 /* ViewController.swift */; };
		925D8E601D2D79C1000F44F7 /* Assets.xcassets in Resources */ = {isa = PBXBuildFile; fileRef = 925D8E5F1D2D79C1000F44F7 /* Assets.xcassets */; };
		925D8E631D2D79C1000F44F7 /* LaunchScreen.storyboard in Resources */ = {isa = PBXBuildFile; fileRef = 925D8E611D2D79C1000F44F7 /* LaunchScreen.storyboard */; };
		925D8E6E1D2D79C1000F44F7 /* TCSandboxTests.swift in Sources */ = {isa = PBXBuildFile; fileRef = 925D8E6D1D2D79C1000F44F7 /* TCSandboxTests.swift */; };
		925D8E791D2D79C1000F44F7 /* TCSandboxUITests.swift in Sources */ = {isa = PBXBuildFile; fileRef = 925D8E781D2D79C1000F44F7 /* TCSandboxUITests.swift */; };
		925D8E871D2DA894000F44F7 /* WorkoutEditorViewController.swift in Sources */ = {isa = PBXBuildFile; fileRef = 925D8E861D2DA894000F44F7 /* WorkoutEditorViewController.swift */; };
		929663081D3585F000300614 /* FriendsSendChallengeTableViewCell.swift in Sources */ = {isa = PBXBuildFile; fileRef = 929663071D3585F000300614 /* FriendsSendChallengeTableViewCell.swift */; };
		9296630A1D36AFA400300614 /* searchFriendsTableViewCell.swift in Sources */ = {isa = PBXBuildFile; fileRef = 929663091D36AFA400300614 /* searchFriendsTableViewCell.swift */; };
		929A02A51D2ECA8A00FC1E96 /* User.swift in Sources */ = {isa = PBXBuildFile; fileRef = 929A02A41D2ECA8A00FC1E96 /* User.swift */; };
		929A02A71D2ECAD800FC1E96 /* Challenge.swift in Sources */ = {isa = PBXBuildFile; fileRef = 929A02A61D2ECAD800FC1E96 /* Challenge.swift */; };
		929A02A91D2ECB3B00FC1E96 /* ClipLibrary.swift in Sources */ = {isa = PBXBuildFile; fileRef = 929A02A81D2ECB3B00FC1E96 /* ClipLibrary.swift */; };
		929A02AC1D2ECCB000FC1E96 /* UIHomeElementMaker.swift in Sources */ = {isa = PBXBuildFile; fileRef = 929A02AB1D2ECCB000FC1E96 /* UIHomeElementMaker.swift */; };
		92A924AC1D30572400637263 /* Gifs.swift in Sources */ = {isa = PBXBuildFile; fileRef = 92A924AB1D30572400637263 /* Gifs.swift */; };
		92A924AE1D30579800637263 /* GifsCollectionViewCell.swift in Sources */ = {isa = PBXBuildFile; fileRef = 92A924AD1D30579800637263 /* GifsCollectionViewCell.swift */; };
		92A924B01D3057B900637263 /* MoveScrollViewController.swift in Sources */ = {isa = PBXBuildFile; fileRef = 92A924AF1D3057B900637263 /* MoveScrollViewController.swift */; };
		92D985E41D2F0DC9008BF657 /* pushup.gif in Resources */ = {isa = PBXBuildFile; fileRef = 92D985E31D2F0DC9008BF657 /* pushup.gif */; };
		B81A45431D3C4BA600D20C65 /* WorkoutEditorExtensionViewController.swift in Sources */ = {isa = PBXBuildFile; fileRef = B81A45421D3C4BA600D20C65 /* WorkoutEditorExtensionViewController.swift */; };
		B81A45451D3C4BD700D20C65 /* Preview2ViewController.swift in Sources */ = {isa = PBXBuildFile; fileRef = B81A45441D3C4BD700D20C65 /* Preview2ViewController.swift */; };
		B81A457B1D3D45DF00D20C65 /* hipairplane.gif in Resources */ = {isa = PBXBuildFile; fileRef = B81A45781D3D45DF00D20C65 /* hipairplane.gif */; };
		B81A457C1D3D45DF00D20C65 /* jump rope.gif in Resources */ = {isa = PBXBuildFile; fileRef = B81A45791D3D45DF00D20C65 /* jump rope.gif */; };
		B81A457D1D3D45DF00D20C65 /* pullups.gif in Resources */ = {isa = PBXBuildFile; fileRef = B81A457A1D3D45DF00D20C65 /* pullups.gif */; };
		B81A457F1D3D45E800D20C65 /* pushups.gif in Resources */ = {isa = PBXBuildFile; fileRef = B81A457E1D3D45E800D20C65 /* pushups.gif */; };
		B864E70B1D3B183D000D3499 /* PreviewViewController.swift in Sources */ = {isa = PBXBuildFile; fileRef = B864E70A1D3B183D000D3499 /* PreviewViewController.swift */; };
		B864E70D1D3B1921000D3499 /* MoveScrollExtensionViewController.swift in Sources */ = {isa = PBXBuildFile; fileRef = B864E70C1D3B1921000D3499 /* MoveScrollExtensionViewController.swift */; };
		C9C7AF1924C9888F8E1B6C96 /* Pods_TCSandboxUITests.framework in Frameworks */ = {isa = PBXBuildFile; fileRef = 679A5AA452630FBE899C9E7D /* Pods_TCSandboxUITests.framework */; };
		D600F4FB8CA321C8E23A66B0 /* Pods_TCSandbox.framework in Frameworks */ = {isa = PBXBuildFile; fileRef = AE96D5B85BC04853A84D53E6 /* Pods_TCSandbox.framework */; };
		E296B86C9D9CCC0E9BA3A7FF /* Pods_TCSandboxTests.framework in Frameworks */ = {isa = PBXBuildFile; fileRef = F550347C0FB992F7DFD4F86A /* Pods_TCSandboxTests.framework */; };
/* End PBXBuildFile section */

/* Begin PBXContainerItemProxy section */
		925D8E6A1D2D79C1000F44F7 /* PBXContainerItemProxy */ = {
			isa = PBXContainerItemProxy;
			containerPortal = 925D8E4D1D2D79C1000F44F7 /* Project object */;
			proxyType = 1;
			remoteGlobalIDString = 925D8E541D2D79C1000F44F7;
			remoteInfo = TCSandbox;
		};
		925D8E751D2D79C1000F44F7 /* PBXContainerItemProxy */ = {
			isa = PBXContainerItemProxy;
			containerPortal = 925D8E4D1D2D79C1000F44F7 /* Project object */;
			proxyType = 1;
			remoteGlobalIDString = 925D8E541D2D79C1000F44F7;
			remoteInfo = TCSandbox;
		};
/* End PBXContainerItemProxy section */

/* Begin PBXFileReference section */
		0B0507BB17BC28B44DE92A8E /* Pods-TCSandboxTests.debug.xcconfig */ = {isa = PBXFileReference; includeInIndex = 1; lastKnownFileType = text.xcconfig; name = "Pods-TCSandboxTests.debug.xcconfig"; path = "Pods/Target Support Files/Pods-TCSandboxTests/Pods-TCSandboxTests.debug.xcconfig"; sourceTree = "<group>"; };
		0E1EBCA27C2AB4BCA7406669 /* Pods-TCSandbox.release.xcconfig */ = {isa = PBXFileReference; includeInIndex = 1; lastKnownFileType = text.xcconfig; name = "Pods-TCSandbox.release.xcconfig"; path = "Pods/Target Support Files/Pods-TCSandbox/Pods-TCSandbox.release.xcconfig"; sourceTree = "<group>"; };
		486A2DEC270724D45C6424D7 /* Pods-TCSandbox.debug.xcconfig */ = {isa = PBXFileReference; includeInIndex = 1; lastKnownFileType = text.xcconfig; name = "Pods-TCSandbox.debug.xcconfig"; path = "Pods/Target Support Files/Pods-TCSandbox/Pods-TCSandbox.debug.xcconfig"; sourceTree = "<group>"; };
		4E6527A0FFB4200130D4B799 /* Pods-TCSandboxTests.release.xcconfig */ = {isa = PBXFileReference; includeInIndex = 1; lastKnownFileType = text.xcconfig; name = "Pods-TCSandboxTests.release.xcconfig"; path = "Pods/Target Support Files/Pods-TCSandboxTests/Pods-TCSandboxTests.release.xcconfig"; sourceTree = "<group>"; };
		679A5AA452630FBE899C9E7D /* Pods_TCSandboxUITests.framework */ = {isa = PBXFileReference; explicitFileType = wrapper.framework; includeInIndex = 0; path = Pods_TCSandboxUITests.framework; sourceTree = BUILT_PRODUCTS_DIR; };
		8157BE4C0B12BE68A7F57284 /* Pods-TCSandboxUITests.release.xcconfig */ = {isa = PBXFileReference; includeInIndex = 1; lastKnownFileType = text.xcconfig; name = "Pods-TCSandboxUITests.release.xcconfig"; path = "Pods/Target Support Files/Pods-TCSandboxUITests/Pods-TCSandboxUITests.release.xcconfig"; sourceTree = "<group>"; };
		825C30161D383A05005D7171 /* myChallengesViewController.swift */ = {isa = PBXFileReference; fileEncoding = 4; lastKnownFileType = sourcecode.swift; path = myChallengesViewController.swift; sourceTree = "<group>"; };
		825C30181D383C82005D7171 /* myChallengeTableViewCell.swift */ = {isa = PBXFileReference; fileEncoding = 4; lastKnownFileType = sourcecode.swift; path = myChallengeTableViewCell.swift; sourceTree = "<group>"; };
		82C6653A1D2DBF9000D642CA /* LoginViewController.swift */ = {isa = PBXFileReference; fileEncoding = 4; lastKnownFileType = sourcecode.swift; path = LoginViewController.swift; sourceTree = "<group>"; };
		82C665481D2DC18D00D642CA /* FBSDKCoreKit.framework */ = {isa = PBXFileReference; lastKnownFileType = wrapper.framework; path = FBSDKCoreKit.framework; sourceTree = "<group>"; };
		82C665491D2DC18D00D642CA /* FBSDKLoginKit.framework */ = {isa = PBXFileReference; lastKnownFileType = wrapper.framework; path = FBSDKLoginKit.framework; sourceTree = "<group>"; };
		82C6654A1D2DC18D00D642CA /* FBSDKShareKit.framework */ = {isa = PBXFileReference; lastKnownFileType = wrapper.framework; path = FBSDKShareKit.framework; sourceTree = "<group>"; };
		82C94E6C1D38063B00E84D55 /* recordVideoViewController.swift */ = {isa = PBXFileReference; fileEncoding = 4; lastKnownFileType = sourcecode.swift; path = recordVideoViewController.swift; sourceTree = "<group>"; };
		91CFCFB2B6F7ABF86C38464D /* Pods-TCSandboxUITests.debug.xcconfig */ = {isa = PBXFileReference; includeInIndex = 1; lastKnownFileType = text.xcconfig; name = "Pods-TCSandboxUITests.debug.xcconfig"; path = "Pods/Target Support Files/Pods-TCSandboxUITests/Pods-TCSandboxUITests.debug.xcconfig"; sourceTree = "<group>"; };
		920A08F01D38584300A3785A /* Base */ = {isa = PBXFileReference; lastKnownFileType = file.storyboard; name = Base; path = Base.lproj/Main.storyboard; sourceTree = "<group>"; };
		9214309F1D2DCB0900F6B59F /* FBClient.swift */ = {isa = PBXFileReference; fileEncoding = 4; lastKnownFileType = sourcecode.swift; path = FBClient.swift; sourceTree = "<group>"; };
		925D2D391D306A3700BAF3CC /* GoogleService-Info.plist */ = {isa = PBXFileReference; fileEncoding = 4; lastKnownFileType = text.plist.xml; path = "GoogleService-Info.plist"; sourceTree = "<group>"; };
		925D2D3C1D3444B300BAF3CC /* Info.plist */ = {isa = PBXFileReference; fileEncoding = 4; lastKnownFileType = text.plist.xml; path = Info.plist; sourceTree = "<group>"; };
		925D2D3E1D34492C00BAF3CC /* SendChallengeViewController.swift */ = {isa = PBXFileReference; fileEncoding = 4; lastKnownFileType = sourcecode.swift; path = SendChallengeViewController.swift; sourceTree = "<group>"; };
		925D2D401D344ACC00BAF3CC /* AddFriendViewController.swift */ = {isa = PBXFileReference; fileEncoding = 4; lastKnownFileType = sourcecode.swift; path = AddFriendViewController.swift; sourceTree = "<group>"; };
		925D8E551D2D79C1000F44F7 /* TCSandbox.app */ = {isa = PBXFileReference; explicitFileType = wrapper.application; includeInIndex = 0; path = TCSandbox.app; sourceTree = BUILT_PRODUCTS_DIR; };
		925D8E581D2D79C1000F44F7 /* AppDelegate.swift */ = {isa = PBXFileReference; lastKnownFileType = sourcecode.swift; path = AppDelegate.swift; sourceTree = "<group>"; };
		925D8E5A1D2D79C1000F44F7 /* ViewController.swift */ = {isa = PBXFileReference; lastKnownFileType = sourcecode.swift; path = ViewController.swift; sourceTree = "<group>"; };
		925D8E5F1D2D79C1000F44F7 /* Assets.xcassets */ = {isa = PBXFileReference; lastKnownFileType = folder.assetcatalog; path = Assets.xcassets; sourceTree = "<group>"; };
		925D8E621D2D79C1000F44F7 /* Base */ = {isa = PBXFileReference; lastKnownFileType = file.storyboard; name = Base; path = Base.lproj/LaunchScreen.storyboard; sourceTree = "<group>"; };
		925D8E691D2D79C1000F44F7 /* TCSandboxTests.xctest */ = {isa = PBXFileReference; explicitFileType = wrapper.cfbundle; includeInIndex = 0; path = TCSandboxTests.xctest; sourceTree = BUILT_PRODUCTS_DIR; };
		925D8E6D1D2D79C1000F44F7 /* TCSandboxTests.swift */ = {isa = PBXFileReference; lastKnownFileType = sourcecode.swift; path = TCSandboxTests.swift; sourceTree = "<group>"; };
		925D8E6F1D2D79C1000F44F7 /* Info.plist */ = {isa = PBXFileReference; lastKnownFileType = text.plist.xml; path = Info.plist; sourceTree = "<group>"; };
		925D8E741D2D79C1000F44F7 /* TCSandboxUITests.xctest */ = {isa = PBXFileReference; explicitFileType = wrapper.cfbundle; includeInIndex = 0; path = TCSandboxUITests.xctest; sourceTree = BUILT_PRODUCTS_DIR; };
		925D8E781D2D79C1000F44F7 /* TCSandboxUITests.swift */ = {isa = PBXFileReference; lastKnownFileType = sourcecode.swift; path = TCSandboxUITests.swift; sourceTree = "<group>"; };
		925D8E7A1D2D79C1000F44F7 /* Info.plist */ = {isa = PBXFileReference; lastKnownFileType = text.plist.xml; path = Info.plist; sourceTree = "<group>"; };
		925D8E861D2DA894000F44F7 /* WorkoutEditorViewController.swift */ = {isa = PBXFileReference; fileEncoding = 4; lastKnownFileType = sourcecode.swift; path = WorkoutEditorViewController.swift; sourceTree = "<group>"; };
		929663071D3585F000300614 /* FriendsSendChallengeTableViewCell.swift */ = {isa = PBXFileReference; fileEncoding = 4; lastKnownFileType = sourcecode.swift; path = FriendsSendChallengeTableViewCell.swift; sourceTree = "<group>"; };
		929663091D36AFA400300614 /* searchFriendsTableViewCell.swift */ = {isa = PBXFileReference; fileEncoding = 4; lastKnownFileType = sourcecode.swift; path = searchFriendsTableViewCell.swift; sourceTree = "<group>"; };
		929A02A41D2ECA8A00FC1E96 /* User.swift */ = {isa = PBXFileReference; fileEncoding = 4; lastKnownFileType = sourcecode.swift; path = User.swift; sourceTree = "<group>"; };
		929A02A61D2ECAD800FC1E96 /* Challenge.swift */ = {isa = PBXFileReference; fileEncoding = 4; lastKnownFileType = sourcecode.swift; path = Challenge.swift; sourceTree = "<group>"; };
		929A02A81D2ECB3B00FC1E96 /* ClipLibrary.swift */ = {isa = PBXFileReference; fileEncoding = 4; lastKnownFileType = sourcecode.swift; path = ClipLibrary.swift; sourceTree = "<group>"; };
		929A02AB1D2ECCB000FC1E96 /* UIHomeElementMaker.swift */ = {isa = PBXFileReference; fileEncoding = 4; lastKnownFileType = sourcecode.swift; path = UIHomeElementMaker.swift; sourceTree = "<group>"; };
		92A924AB1D30572400637263 /* Gifs.swift */ = {isa = PBXFileReference; fileEncoding = 4; lastKnownFileType = sourcecode.swift; path = Gifs.swift; sourceTree = "<group>"; };
		92A924AD1D30579800637263 /* GifsCollectionViewCell.swift */ = {isa = PBXFileReference; fileEncoding = 4; lastKnownFileType = sourcecode.swift; path = GifsCollectionViewCell.swift; sourceTree = "<group>"; };
		92A924AF1D3057B900637263 /* MoveScrollViewController.swift */ = {isa = PBXFileReference; fileEncoding = 4; lastKnownFileType = sourcecode.swift; path = MoveScrollViewController.swift; sourceTree = "<group>"; };
		92D985E31D2F0DC9008BF657 /* pushup.gif */ = {isa = PBXFileReference; lastKnownFileType = image.gif; name = pushup.gif; path = TCSandbox/pushup.gif; sourceTree = "<group>"; };
		AE96D5B85BC04853A84D53E6 /* Pods_TCSandbox.framework */ = {isa = PBXFileReference; explicitFileType = wrapper.framework; includeInIndex = 0; path = Pods_TCSandbox.framework; sourceTree = BUILT_PRODUCTS_DIR; };
		B81A45421D3C4BA600D20C65 /* WorkoutEditorExtensionViewController.swift */ = {isa = PBXFileReference; fileEncoding = 4; lastKnownFileType = sourcecode.swift; path = WorkoutEditorExtensionViewController.swift; sourceTree = "<group>"; };
		B81A45441D3C4BD700D20C65 /* Preview2ViewController.swift */ = {isa = PBXFileReference; fileEncoding = 4; lastKnownFileType = sourcecode.swift; path = Preview2ViewController.swift; sourceTree = "<group>"; };
		B81A45781D3D45DF00D20C65 /* hipairplane.gif */ = {isa = PBXFileReference; lastKnownFileType = image.gif; name = hipairplane.gif; path = TCSandbox/hipairplane.gif; sourceTree = "<group>"; };
		B81A45791D3D45DF00D20C65 /* jump rope.gif */ = {isa = PBXFileReference; lastKnownFileType = image.gif; name = "jump rope.gif"; path = "TCSandbox/jump rope.gif"; sourceTree = "<group>"; };
		B81A457A1D3D45DF00D20C65 /* pullups.gif */ = {isa = PBXFileReference; lastKnownFileType = image.gif; name = pullups.gif; path = TCSandbox/pullups.gif; sourceTree = "<group>"; };
		B81A457E1D3D45E800D20C65 /* pushups.gif */ = {isa = PBXFileReference; lastKnownFileType = image.gif; name = pushups.gif; path = TCSandbox/pushups.gif; sourceTree = "<group>"; };
		B864E70A1D3B183D000D3499 /* PreviewViewController.swift */ = {isa = PBXFileReference; fileEncoding = 4; lastKnownFileType = sourcecode.swift; path = PreviewViewController.swift; sourceTree = "<group>"; };
		B864E70C1D3B1921000D3499 /* MoveScrollExtensionViewController.swift */ = {isa = PBXFileReference; fileEncoding = 4; lastKnownFileType = sourcecode.swift; path = MoveScrollExtensionViewController.swift; sourceTree = "<group>"; };
		F550347C0FB992F7DFD4F86A /* Pods_TCSandboxTests.framework */ = {isa = PBXFileReference; explicitFileType = wrapper.framework; includeInIndex = 0; path = Pods_TCSandboxTests.framework; sourceTree = BUILT_PRODUCTS_DIR; };
/* End PBXFileReference section */

/* Begin PBXFrameworksBuildPhase section */
		925D8E521D2D79C1000F44F7 /* Frameworks */ = {
			isa = PBXFrameworksBuildPhase;
			buildActionMask = 2147483647;
			files = (
				82C6654D1D2DC18D00D642CA /* FBSDKShareKit.framework in Frameworks */,
				D600F4FB8CA321C8E23A66B0 /* Pods_TCSandbox.framework in Frameworks */,
				82C6654B1D2DC18D00D642CA /* FBSDKCoreKit.framework in Frameworks */,
				82C6654C1D2DC18D00D642CA /* FBSDKLoginKit.framework in Frameworks */,
			);
			runOnlyForDeploymentPostprocessing = 0;
		};
		925D8E661D2D79C1000F44F7 /* Frameworks */ = {
			isa = PBXFrameworksBuildPhase;
			buildActionMask = 2147483647;
			files = (
				E296B86C9D9CCC0E9BA3A7FF /* Pods_TCSandboxTests.framework in Frameworks */,
			);
			runOnlyForDeploymentPostprocessing = 0;
		};
		925D8E711D2D79C1000F44F7 /* Frameworks */ = {
			isa = PBXFrameworksBuildPhase;
			buildActionMask = 2147483647;
			files = (
				C9C7AF1924C9888F8E1B6C96 /* Pods_TCSandboxUITests.framework in Frameworks */,
			);
			runOnlyForDeploymentPostprocessing = 0;
		};
/* End PBXFrameworksBuildPhase section */

/* Begin PBXGroup section */
		0AC8AF55EE578986F4F763FE /* Frameworks */ = {
			isa = PBXGroup;
			children = (
				82C665481D2DC18D00D642CA /* FBSDKCoreKit.framework */,
				82C665491D2DC18D00D642CA /* FBSDKLoginKit.framework */,
				82C6654A1D2DC18D00D642CA /* FBSDKShareKit.framework */,
				AE96D5B85BC04853A84D53E6 /* Pods_TCSandbox.framework */,
				F550347C0FB992F7DFD4F86A /* Pods_TCSandboxTests.framework */,
				679A5AA452630FBE899C9E7D /* Pods_TCSandboxUITests.framework */,
			);
			name = Frameworks;
			sourceTree = "<group>";
		};
		9214309E1D2DCAF000F6B59F /* API Clients */ = {
			isa = PBXGroup;
			children = (
				9214309F1D2DCB0900F6B59F /* FBClient.swift */,
			);
			name = "API Clients";
			sourceTree = "<group>";
		};
		925D8E4C1D2D79C1000F44F7 = {
			isa = PBXGroup;
			children = (
				925D8E571D2D79C1000F44F7 /* TCSandbox */,
				B84012CA1D39BEB200D99A59 /* Gifs */,
				925D8E6C1D2D79C1000F44F7 /* TCSandboxTests */,
				925D8E771D2D79C1000F44F7 /* TCSandboxUITests */,
				925D8E561D2D79C1000F44F7 /* Products */,
				BB48B6A1CD1C408D9EFC48D2 /* Pods */,
				0AC8AF55EE578986F4F763FE /* Frameworks */,
			);
			sourceTree = "<group>";
		};
		925D8E561D2D79C1000F44F7 /* Products */ = {
			isa = PBXGroup;
			children = (
				925D8E551D2D79C1000F44F7 /* TCSandbox.app */,
				925D8E691D2D79C1000F44F7 /* TCSandboxTests.xctest */,
				925D8E741D2D79C1000F44F7 /* TCSandboxUITests.xctest */,
			);
			name = Products;
			sourceTree = "<group>";
		};
		925D8E571D2D79C1000F44F7 /* TCSandbox */ = {
			isa = PBXGroup;
			children = (
				929A02AA1D2ECC8000FC1E96 /* Helper Classes */,
				9214309E1D2DCAF000F6B59F /* API Clients */,
				925D8E8B1D2DA8F0000F44F7 /* Data Objects */,
				925D8E8A1D2DA8EC000F44F7 /* Views */,
				925D8E881D2DA8E0000F44F7 /* View Controllers */,
				925D8E581D2D79C1000F44F7 /* AppDelegate.swift */,
				925D8E5F1D2D79C1000F44F7 /* Assets.xcassets */,
				920A08EF1D38584300A3785A /* Main.storyboard */,
				925D8E611D2D79C1000F44F7 /* LaunchScreen.storyboard */,
				925D2D391D306A3700BAF3CC /* GoogleService-Info.plist */,
				925D2D3C1D3444B300BAF3CC /* Info.plist */,
			);
			path = TCSandbox;
			sourceTree = "<group>";
		};
		925D8E6C1D2D79C1000F44F7 /* TCSandboxTests */ = {
			isa = PBXGroup;
			children = (
				925D8E6D1D2D79C1000F44F7 /* TCSandboxTests.swift */,
				925D8E6F1D2D79C1000F44F7 /* Info.plist */,
			);
			path = TCSandboxTests;
			sourceTree = "<group>";
		};
		925D8E771D2D79C1000F44F7 /* TCSandboxUITests */ = {
			isa = PBXGroup;
			children = (
				925D8E781D2D79C1000F44F7 /* TCSandboxUITests.swift */,
				925D8E7A1D2D79C1000F44F7 /* Info.plist */,
			);
			path = TCSandboxUITests;
			sourceTree = "<group>";
		};
		925D8E881D2DA8E0000F44F7 /* View Controllers */ = {
			isa = PBXGroup;
			children = (
				925D8E861D2DA894000F44F7 /* WorkoutEditorViewController.swift */,
				B81A45421D3C4BA600D20C65 /* WorkoutEditorExtensionViewController.swift */,
				B81A45441D3C4BD700D20C65 /* Preview2ViewController.swift */,
				92A924AF1D3057B900637263 /* MoveScrollViewController.swift */,
				B864E70C1D3B1921000D3499 /* MoveScrollExtensionViewController.swift */,
				B864E70A1D3B183D000D3499 /* PreviewViewController.swift */,
				82C6653A1D2DBF9000D642CA /* LoginViewController.swift */,
				925D2D3E1D34492C00BAF3CC /* SendChallengeViewController.swift */,
				925D2D401D344ACC00BAF3CC /* AddFriendViewController.swift */,
				82C94E6C1D38063B00E84D55 /* recordVideoViewController.swift */,
				825C30161D383A05005D7171 /* myChallengesViewController.swift */,
				925D8E5A1D2D79C1000F44F7 /* ViewController.swift */,
			);
			name = "View Controllers";
			sourceTree = "<group>";
		};
		925D8E8A1D2DA8EC000F44F7 /* Views */ = {
			isa = PBXGroup;
			children = (
				929663071D3585F000300614 /* FriendsSendChallengeTableViewCell.swift */,
				92A924AD1D30579800637263 /* GifsCollectionViewCell.swift */,
				929663091D36AFA400300614 /* searchFriendsTableViewCell.swift */,
				825C30181D383C82005D7171 /* myChallengeTableViewCell.swift */,
			);
			name = Views;
			sourceTree = "<group>";
		};
		925D8E8B1D2DA8F0000F44F7 /* Data Objects */ = {
			isa = PBXGroup;
			children = (
				929A02A41D2ECA8A00FC1E96 /* User.swift */,
				929A02A61D2ECAD800FC1E96 /* Challenge.swift */,
				929A02A81D2ECB3B00FC1E96 /* ClipLibrary.swift */,
			);
			name = "Data Objects";
			sourceTree = "<group>";
		};
		929A02AA1D2ECC8000FC1E96 /* Helper Classes */ = {
			isa = PBXGroup;
			children = (
				929A02AB1D2ECCB000FC1E96 /* UIHomeElementMaker.swift */,
				92A924AB1D30572400637263 /* Gifs.swift */,
			);
			name = "Helper Classes";
			sourceTree = "<group>";
		};
		B84012CA1D39BEB200D99A59 /* Gifs */ = {
			isa = PBXGroup;
			children = (
				92D985E31D2F0DC9008BF657 /* pushup.gif */,
				B81A45781D3D45DF00D20C65 /* hipairplane.gif */,
				B81A457E1D3D45E800D20C65 /* pushups.gif */,
				B81A45791D3D45DF00D20C65 /* jump rope.gif */,
				B81A457A1D3D45DF00D20C65 /* pullups.gif */,
			);
			name = Gifs;
			sourceTree = "<group>";
		};
		BB48B6A1CD1C408D9EFC48D2 /* Pods */ = {
			isa = PBXGroup;
			children = (
				486A2DEC270724D45C6424D7 /* Pods-TCSandbox.debug.xcconfig */,
				0E1EBCA27C2AB4BCA7406669 /* Pods-TCSandbox.release.xcconfig */,
				0B0507BB17BC28B44DE92A8E /* Pods-TCSandboxTests.debug.xcconfig */,
				4E6527A0FFB4200130D4B799 /* Pods-TCSandboxTests.release.xcconfig */,
				91CFCFB2B6F7ABF86C38464D /* Pods-TCSandboxUITests.debug.xcconfig */,
				8157BE4C0B12BE68A7F57284 /* Pods-TCSandboxUITests.release.xcconfig */,
			);
			name = Pods;
			sourceTree = "<group>";
		};
/* End PBXGroup section */

/* Begin PBXNativeTarget section */
		925D8E541D2D79C1000F44F7 /* TCSandbox */ = {
			isa = PBXNativeTarget;
			buildConfigurationList = 925D8E7D1D2D79C1000F44F7 /* Build configuration list for PBXNativeTarget "TCSandbox" */;
			buildPhases = (
				E1929204914A27733F49DDA3 /* [CP] Check Pods Manifest.lock */,
				925D8E511D2D79C1000F44F7 /* Sources */,
				925D8E521D2D79C1000F44F7 /* Frameworks */,
				925D8E531D2D79C1000F44F7 /* Resources */,
				926B165A5DEE44049DF390ED /* [CP] Embed Pods Frameworks */,
				22428F61DABC2B0B3320E8FB /* [CP] Copy Pods Resources */,
			);
			buildRules = (
			);
			dependencies = (
			);
			name = TCSandbox;
			productName = TCSandbox;
			productReference = 925D8E551D2D79C1000F44F7 /* TCSandbox.app */;
			productType = "com.apple.product-type.application";
		};
		925D8E681D2D79C1000F44F7 /* TCSandboxTests */ = {
			isa = PBXNativeTarget;
			buildConfigurationList = 925D8E801D2D79C1000F44F7 /* Build configuration list for PBXNativeTarget "TCSandboxTests" */;
			buildPhases = (
				57E7F05F294FEFBFE304B3DE /* [CP] Check Pods Manifest.lock */,
				925D8E651D2D79C1000F44F7 /* Sources */,
				925D8E661D2D79C1000F44F7 /* Frameworks */,
				925D8E671D2D79C1000F44F7 /* Resources */,
				B8F0F05E57185AC12579FCD1 /* [CP] Embed Pods Frameworks */,
				B8A40EE0AC8685D809863E88 /* [CP] Copy Pods Resources */,
			);
			buildRules = (
			);
			dependencies = (
				925D8E6B1D2D79C1000F44F7 /* PBXTargetDependency */,
			);
			name = TCSandboxTests;
			productName = TCSandboxTests;
			productReference = 925D8E691D2D79C1000F44F7 /* TCSandboxTests.xctest */;
			productType = "com.apple.product-type.bundle.unit-test";
		};
		925D8E731D2D79C1000F44F7 /* TCSandboxUITests */ = {
			isa = PBXNativeTarget;
			buildConfigurationList = 925D8E831D2D79C1000F44F7 /* Build configuration list for PBXNativeTarget "TCSandboxUITests" */;
			buildPhases = (
				080C8C7CBE7EFDE89D54FA8D /* [CP] Check Pods Manifest.lock */,
				925D8E701D2D79C1000F44F7 /* Sources */,
				925D8E711D2D79C1000F44F7 /* Frameworks */,
				925D8E721D2D79C1000F44F7 /* Resources */,
				7C47120855E7B2EC017CB48E /* [CP] Copy Pods Resources */,
			);
			buildRules = (
			);
			dependencies = (
				925D8E761D2D79C1000F44F7 /* PBXTargetDependency */,
			);
			name = TCSandboxUITests;
			productName = TCSandboxUITests;
			productReference = 925D8E741D2D79C1000F44F7 /* TCSandboxUITests.xctest */;
			productType = "com.apple.product-type.bundle.ui-testing";
		};
/* End PBXNativeTarget section */

/* Begin PBXProject section */
		925D8E4D1D2D79C1000F44F7 /* Project object */ = {
			isa = PBXProject;
			attributes = {
				LastSwiftUpdateCheck = 0730;
				LastUpgradeCheck = 0730;
				ORGANIZATIONNAME = "Nancy Xu";
				TargetAttributes = {
					925D8E541D2D79C1000F44F7 = {
						CreatedOnToolsVersion = 7.3.1;
						DevelopmentTeam = D8M8Q37C6Y;
					};
					925D8E681D2D79C1000F44F7 = {
						CreatedOnToolsVersion = 7.3.1;
						TestTargetID = 925D8E541D2D79C1000F44F7;
					};
					925D8E731D2D79C1000F44F7 = {
						CreatedOnToolsVersion = 7.3.1;
						TestTargetID = 925D8E541D2D79C1000F44F7;
					};
				};
			};
			buildConfigurationList = 925D8E501D2D79C1000F44F7 /* Build configuration list for PBXProject "TCSandbox" */;
			compatibilityVersion = "Xcode 3.2";
			developmentRegion = English;
			hasScannedForEncodings = 0;
			knownRegions = (
				en,
				Base,
			);
			mainGroup = 925D8E4C1D2D79C1000F44F7;
			productRefGroup = 925D8E561D2D79C1000F44F7 /* Products */;
			projectDirPath = "";
			projectRoot = "";
			targets = (
				925D8E541D2D79C1000F44F7 /* TCSandbox */,
				925D8E681D2D79C1000F44F7 /* TCSandboxTests */,
				925D8E731D2D79C1000F44F7 /* TCSandboxUITests */,
			);
		};
/* End PBXProject section */

/* Begin PBXResourcesBuildPhase section */
		925D8E531D2D79C1000F44F7 /* Resources */ = {
			isa = PBXResourcesBuildPhase;
			buildActionMask = 2147483647;
			files = (
				925D8E631D2D79C1000F44F7 /* LaunchScreen.storyboard in Resources */,
				925D8E601D2D79C1000F44F7 /* Assets.xcassets in Resources */,
				B81A457B1D3D45DF00D20C65 /* hipairplane.gif in Resources */,
				B81A457C1D3D45DF00D20C65 /* jump rope.gif in Resources */,
				B81A457D1D3D45DF00D20C65 /* pullups.gif in Resources */,
				925D2D3D1D3444B300BAF3CC /* Info.plist in Resources */,
				920A08F11D38584300A3785A /* Main.storyboard in Resources */,
				925D2D3A1D306A3700BAF3CC /* GoogleService-Info.plist in Resources */,
				92D985E41D2F0DC9008BF657 /* pushup.gif in Resources */,
				B81A457F1D3D45E800D20C65 /* pushups.gif in Resources */,
			);
			runOnlyForDeploymentPostprocessing = 0;
		};
		925D8E671D2D79C1000F44F7 /* Resources */ = {
			isa = PBXResourcesBuildPhase;
			buildActionMask = 2147483647;
			files = (
			);
			runOnlyForDeploymentPostprocessing = 0;
		};
		925D8E721D2D79C1000F44F7 /* Resources */ = {
			isa = PBXResourcesBuildPhase;
			buildActionMask = 2147483647;
			files = (
			);
			runOnlyForDeploymentPostprocessing = 0;
		};
/* End PBXResourcesBuildPhase section */

/* Begin PBXShellScriptBuildPhase section */
		080C8C7CBE7EFDE89D54FA8D /* [CP] Check Pods Manifest.lock */ = {
			isa = PBXShellScriptBuildPhase;
			buildActionMask = 2147483647;
			files = (
			);
			inputPaths = (
			);
			name = "[CP] Check Pods Manifest.lock";
			outputPaths = (
			);
			runOnlyForDeploymentPostprocessing = 0;
			shellPath = /bin/sh;
			shellScript = "diff \"${PODS_ROOT}/../Podfile.lock\" \"${PODS_ROOT}/Manifest.lock\" > /dev/null\nif [[ $? != 0 ]] ; then\n    cat << EOM\nerror: The sandbox is not in sync with the Podfile.lock. Run 'pod install' or update your CocoaPods installation.\nEOM\n    exit 1\nfi\n";
			showEnvVarsInLog = 0;
		};
		22428F61DABC2B0B3320E8FB /* [CP] Copy Pods Resources */ = {
			isa = PBXShellScriptBuildPhase;
			buildActionMask = 2147483647;
			files = (
			);
			inputPaths = (
			);
			name = "[CP] Copy Pods Resources";
			outputPaths = (
			);
			runOnlyForDeploymentPostprocessing = 0;
			shellPath = /bin/sh;
			shellScript = "\"${SRCROOT}/Pods/Target Support Files/Pods-TCSandbox/Pods-TCSandbox-resources.sh\"\n";
			showEnvVarsInLog = 0;
		};
		57E7F05F294FEFBFE304B3DE /* [CP] Check Pods Manifest.lock */ = {
			isa = PBXShellScriptBuildPhase;
			buildActionMask = 2147483647;
			files = (
			);
			inputPaths = (
			);
			name = "[CP] Check Pods Manifest.lock";
			outputPaths = (
			);
			runOnlyForDeploymentPostprocessing = 0;
			shellPath = /bin/sh;
			shellScript = "diff \"${PODS_ROOT}/../Podfile.lock\" \"${PODS_ROOT}/Manifest.lock\" > /dev/null\nif [[ $? != 0 ]] ; then\n    cat << EOM\nerror: The sandbox is not in sync with the Podfile.lock. Run 'pod install' or update your CocoaPods installation.\nEOM\n    exit 1\nfi\n";
			showEnvVarsInLog = 0;
		};
		7C47120855E7B2EC017CB48E /* [CP] Copy Pods Resources */ = {
			isa = PBXShellScriptBuildPhase;
			buildActionMask = 2147483647;
			files = (
			);
			inputPaths = (
			);
			name = "[CP] Copy Pods Resources";
			outputPaths = (
			);
			runOnlyForDeploymentPostprocessing = 0;
			shellPath = /bin/sh;
			shellScript = "\"${SRCROOT}/Pods/Target Support Files/Pods-TCSandboxUITests/Pods-TCSandboxUITests-resources.sh\"\n";
			showEnvVarsInLog = 0;
		};
		926B165A5DEE44049DF390ED /* [CP] Embed Pods Frameworks */ = {
			isa = PBXShellScriptBuildPhase;
			buildActionMask = 2147483647;
			files = (
			);
			inputPaths = (
			);
			name = "[CP] Embed Pods Frameworks";
			outputPaths = (
			);
			runOnlyForDeploymentPostprocessing = 0;
			shellPath = /bin/sh;
			shellScript = "\"${SRCROOT}/Pods/Target Support Files/Pods-TCSandbox/Pods-TCSandbox-frameworks.sh\"\n";
			showEnvVarsInLog = 0;
		};
		B8A40EE0AC8685D809863E88 /* [CP] Copy Pods Resources */ = {
			isa = PBXShellScriptBuildPhase;
			buildActionMask = 2147483647;
			files = (
			);
			inputPaths = (
			);
			name = "[CP] Copy Pods Resources";
			outputPaths = (
			);
			runOnlyForDeploymentPostprocessing = 0;
			shellPath = /bin/sh;
			shellScript = "\"${SRCROOT}/Pods/Target Support Files/Pods-TCSandboxTests/Pods-TCSandboxTests-resources.sh\"\n";
			showEnvVarsInLog = 0;
		};
		B8F0F05E57185AC12579FCD1 /* [CP] Embed Pods Frameworks */ = {
			isa = PBXShellScriptBuildPhase;
			buildActionMask = 2147483647;
			files = (
			);
			inputPaths = (
			);
			name = "[CP] Embed Pods Frameworks";
			outputPaths = (
			);
			runOnlyForDeploymentPostprocessing = 0;
			shellPath = /bin/sh;
			shellScript = "\"${SRCROOT}/Pods/Target Support Files/Pods-TCSandboxTests/Pods-TCSandboxTests-frameworks.sh\"\n";
			showEnvVarsInLog = 0;
		};
		E1929204914A27733F49DDA3 /* [CP] Check Pods Manifest.lock */ = {
			isa = PBXShellScriptBuildPhase;
			buildActionMask = 2147483647;
			files = (
			);
			inputPaths = (
			);
			name = "[CP] Check Pods Manifest.lock";
			outputPaths = (
			);
			runOnlyForDeploymentPostprocessing = 0;
			shellPath = /bin/sh;
			shellScript = "diff \"${PODS_ROOT}/../Podfile.lock\" \"${PODS_ROOT}/Manifest.lock\" > /dev/null\nif [[ $? != 0 ]] ; then\n    cat << EOM\nerror: The sandbox is not in sync with the Podfile.lock. Run 'pod install' or update your CocoaPods installation.\nEOM\n    exit 1\nfi\n";
			showEnvVarsInLog = 0;
		};
/* End PBXShellScriptBuildPhase section */

/* Begin PBXSourcesBuildPhase section */
		925D8E511D2D79C1000F44F7 /* Sources */ = {
			isa = PBXSourcesBuildPhase;
			buildActionMask = 2147483647;
			files = (
				B81A45431D3C4BA600D20C65 /* WorkoutEditorExtensionViewController.swift in Sources */,
				825C30171D383A05005D7171 /* myChallengesViewController.swift in Sources */,
				921430A01D2DCB0900F6B59F /* FBClient.swift in Sources */,
				B864E70B1D3B183D000D3499 /* PreviewViewController.swift in Sources */,
				82C6653B1D2DBF9000D642CA /* LoginViewController.swift in Sources */,
				925D8E5B1D2D79C1000F44F7 /* ViewController.swift in Sources */,
				925D8E871D2DA894000F44F7 /* WorkoutEditorViewController.swift in Sources */,
				B864E70D1D3B1921000D3499 /* MoveScrollExtensionViewController.swift in Sources */,
				929A02A51D2ECA8A00FC1E96 /* User.swift in Sources */,
				92A924B01D3057B900637263 /* MoveScrollViewController.swift in Sources */,
				B81A45451D3C4BD700D20C65 /* Preview2ViewController.swift in Sources */,
				929A02A91D2ECB3B00FC1E96 /* ClipLibrary.swift in Sources */,
				929A02AC1D2ECCB000FC1E96 /* UIHomeElementMaker.swift in Sources */,
				929663081D3585F000300614 /* FriendsSendChallengeTableViewCell.swift in Sources */,
				92A924AE1D30579800637263 /* GifsCollectionViewCell.swift in Sources */,
				825C30191D383C82005D7171 /* myChallengeTableViewCell.swift in Sources */,
				925D2D411D344ACC00BAF3CC /* AddFriendViewController.swift in Sources */,
				925D2D3F1D34492C00BAF3CC /* SendChallengeViewController.swift in Sources */,
				9296630A1D36AFA400300614 /* searchFriendsTableViewCell.swift in Sources */,
				925D8E591D2D79C1000F44F7 /* AppDelegate.swift in Sources */,
				82C94E6D1D38063B00E84D55 /* recordVideoViewController.swift in Sources */,
				92A924AC1D30572400637263 /* Gifs.swift in Sources */,
				929A02A71D2ECAD800FC1E96 /* Challenge.swift in Sources */,
			);
			runOnlyForDeploymentPostprocessing = 0;
		};
		925D8E651D2D79C1000F44F7 /* Sources */ = {
			isa = PBXSourcesBuildPhase;
			buildActionMask = 2147483647;
			files = (
				925D8E6E1D2D79C1000F44F7 /* TCSandboxTests.swift in Sources */,
			);
			runOnlyForDeploymentPostprocessing = 0;
		};
		925D8E701D2D79C1000F44F7 /* Sources */ = {
			isa = PBXSourcesBuildPhase;
			buildActionMask = 2147483647;
			files = (
				925D8E791D2D79C1000F44F7 /* TCSandboxUITests.swift in Sources */,
			);
			runOnlyForDeploymentPostprocessing = 0;
		};
/* End PBXSourcesBuildPhase section */

/* Begin PBXTargetDependency section */
		925D8E6B1D2D79C1000F44F7 /* PBXTargetDependency */ = {
			isa = PBXTargetDependency;
			target = 925D8E541D2D79C1000F44F7 /* TCSandbox */;
			targetProxy = 925D8E6A1D2D79C1000F44F7 /* PBXContainerItemProxy */;
		};
		925D8E761D2D79C1000F44F7 /* PBXTargetDependency */ = {
			isa = PBXTargetDependency;
			target = 925D8E541D2D79C1000F44F7 /* TCSandbox */;
			targetProxy = 925D8E751D2D79C1000F44F7 /* PBXContainerItemProxy */;
		};
/* End PBXTargetDependency section */

/* Begin PBXVariantGroup section */
		920A08EF1D38584300A3785A /* Main.storyboard */ = {
			isa = PBXVariantGroup;
			children = (
				920A08F01D38584300A3785A /* Base */,
			);
			name = Main.storyboard;
			sourceTree = "<group>";
		};
		925D8E611D2D79C1000F44F7 /* LaunchScreen.storyboard */ = {
			isa = PBXVariantGroup;
			children = (
				925D8E621D2D79C1000F44F7 /* Base */,
			);
			name = LaunchScreen.storyboard;
			sourceTree = "<group>";
		};
/* End PBXVariantGroup section */

/* Begin XCBuildConfiguration section */
		925D8E7B1D2D79C1000F44F7 /* Debug */ = {
			isa = XCBuildConfiguration;
			buildSettings = {
				ALWAYS_SEARCH_USER_PATHS = NO;
				CLANG_ANALYZER_NONNULL = YES;
				CLANG_CXX_LANGUAGE_STANDARD = "gnu++0x";
				CLANG_CXX_LIBRARY = "libc++";
				CLANG_ENABLE_MODULES = YES;
				CLANG_ENABLE_OBJC_ARC = YES;
				CLANG_WARN_BOOL_CONVERSION = YES;
				CLANG_WARN_CONSTANT_CONVERSION = YES;
				CLANG_WARN_DIRECT_OBJC_ISA_USAGE = YES_ERROR;
				CLANG_WARN_EMPTY_BODY = YES;
				CLANG_WARN_ENUM_CONVERSION = YES;
				CLANG_WARN_INT_CONVERSION = YES;
				CLANG_WARN_OBJC_ROOT_CLASS = YES_ERROR;
				CLANG_WARN_UNREACHABLE_CODE = YES;
				CLANG_WARN__DUPLICATE_METHOD_MATCH = YES;
				"CODE_SIGN_IDENTITY[sdk=iphoneos*]" = "iPhone Developer";
				COPY_PHASE_STRIP = NO;
				DEBUG_INFORMATION_FORMAT = dwarf;
				ENABLE_STRICT_OBJC_MSGSEND = YES;
				ENABLE_TESTABILITY = YES;
				GCC_C_LANGUAGE_STANDARD = gnu99;
				GCC_DYNAMIC_NO_PIC = NO;
				GCC_NO_COMMON_BLOCKS = YES;
				GCC_OPTIMIZATION_LEVEL = 0;
				GCC_PREPROCESSOR_DEFINITIONS = (
					"DEBUG=1",
					"$(inherited)",
				);
				GCC_WARN_64_TO_32_BIT_CONVERSION = YES;
				GCC_WARN_ABOUT_RETURN_TYPE = YES_ERROR;
				GCC_WARN_UNDECLARED_SELECTOR = YES;
				GCC_WARN_UNINITIALIZED_AUTOS = YES_AGGRESSIVE;
				GCC_WARN_UNUSED_FUNCTION = YES;
				GCC_WARN_UNUSED_VARIABLE = YES;
				IPHONEOS_DEPLOYMENT_TARGET = 9.3;
				MTL_ENABLE_DEBUG_INFO = YES;
				ONLY_ACTIVE_ARCH = YES;
				SDKROOT = iphoneos;
				SWIFT_OPTIMIZATION_LEVEL = "-Onone";
			};
			name = Debug;
		};
		925D8E7C1D2D79C1000F44F7 /* Release */ = {
			isa = XCBuildConfiguration;
			buildSettings = {
				ALWAYS_SEARCH_USER_PATHS = NO;
				CLANG_ANALYZER_NONNULL = YES;
				CLANG_CXX_LANGUAGE_STANDARD = "gnu++0x";
				CLANG_CXX_LIBRARY = "libc++";
				CLANG_ENABLE_MODULES = YES;
				CLANG_ENABLE_OBJC_ARC = YES;
				CLANG_WARN_BOOL_CONVERSION = YES;
				CLANG_WARN_CONSTANT_CONVERSION = YES;
				CLANG_WARN_DIRECT_OBJC_ISA_USAGE = YES_ERROR;
				CLANG_WARN_EMPTY_BODY = YES;
				CLANG_WARN_ENUM_CONVERSION = YES;
				CLANG_WARN_INT_CONVERSION = YES;
				CLANG_WARN_OBJC_ROOT_CLASS = YES_ERROR;
				CLANG_WARN_UNREACHABLE_CODE = YES;
				CLANG_WARN__DUPLICATE_METHOD_MATCH = YES;
				"CODE_SIGN_IDENTITY[sdk=iphoneos*]" = "iPhone Developer";
				COPY_PHASE_STRIP = NO;
				DEBUG_INFORMATION_FORMAT = "dwarf-with-dsym";
				ENABLE_NS_ASSERTIONS = NO;
				ENABLE_STRICT_OBJC_MSGSEND = YES;
				GCC_C_LANGUAGE_STANDARD = gnu99;
				GCC_NO_COMMON_BLOCKS = YES;
				GCC_WARN_64_TO_32_BIT_CONVERSION = YES;
				GCC_WARN_ABOUT_RETURN_TYPE = YES_ERROR;
				GCC_WARN_UNDECLARED_SELECTOR = YES;
				GCC_WARN_UNINITIALIZED_AUTOS = YES_AGGRESSIVE;
				GCC_WARN_UNUSED_FUNCTION = YES;
				GCC_WARN_UNUSED_VARIABLE = YES;
				IPHONEOS_DEPLOYMENT_TARGET = 9.3;
				MTL_ENABLE_DEBUG_INFO = NO;
				SDKROOT = iphoneos;
				VALIDATE_PRODUCT = YES;
			};
			name = Release;
		};
		925D8E7E1D2D79C1000F44F7 /* Debug */ = {
			isa = XCBuildConfiguration;
			baseConfigurationReference = 486A2DEC270724D45C6424D7 /* Pods-TCSandbox.debug.xcconfig */;
			buildSettings = {
				ASSETCATALOG_COMPILER_APPICON_NAME = AppIcon;
				CODE_SIGN_IDENTITY = "iPhone Developer";
				"CODE_SIGN_IDENTITY[sdk=iphoneos*]" = "iPhone Developer";
				FRAMEWORK_SEARCH_PATHS = (
					"$(inherited)",
					"$(PROJECT_DIR)",
				);
				INFOPLIST_FILE = TCSandbox/Info.plist;
				LD_RUNPATH_SEARCH_PATHS = "$(inherited) @executable_path/Frameworks";
				PRODUCT_BUNDLE_IDENTIFIER = "as-kdfjaw-eirausd-fkjwpoeuirafsej";
				PRODUCT_NAME = "$(TARGET_NAME)";
				PROVISIONING_PROFILE = "";
			};
			name = Debug;
		};
		925D8E7F1D2D79C1000F44F7 /* Release */ = {
			isa = XCBuildConfiguration;
			baseConfigurationReference = 0E1EBCA27C2AB4BCA7406669 /* Pods-TCSandbox.release.xcconfig */;
			buildSettings = {
				ASSETCATALOG_COMPILER_APPICON_NAME = AppIcon;
				CODE_SIGN_IDENTITY = "iPhone Developer";
				"CODE_SIGN_IDENTITY[sdk=iphoneos*]" = "iPhone Developer";
				FRAMEWORK_SEARCH_PATHS = (
					"$(inherited)",
					"$(PROJECT_DIR)",
				);
				INFOPLIST_FILE = TCSandbox/Info.plist;
				LD_RUNPATH_SEARCH_PATHS = "$(inherited) @executable_path/Frameworks";
				PRODUCT_BUNDLE_IDENTIFIER = "as-kdfjaw-eirausd-fkjwpoeuirafsej";
				PRODUCT_NAME = "$(TARGET_NAME)";
				PROVISIONING_PROFILE = "";
			};
			name = Release;
		};
		925D8E811D2D79C1000F44F7 /* Debug */ = {
			isa = XCBuildConfiguration;
			baseConfigurationReference = 0B0507BB17BC28B44DE92A8E /* Pods-TCSandboxTests.debug.xcconfig */;
			buildSettings = {
				BUNDLE_LOADER = "$(TEST_HOST)";
				INFOPLIST_FILE = TCSandboxTests/Info.plist;
				LD_RUNPATH_SEARCH_PATHS = "$(inherited) @executable_path/Frameworks @loader_path/Frameworks";
				PRODUCT_BUNDLE_IDENTIFIER = RainbowRaccoonz.TCSandboxTests;
				PRODUCT_NAME = "$(TARGET_NAME)";
				TEST_HOST = "$(BUILT_PRODUCTS_DIR)/TCSandbox.app/TCSandbox";
			};
			name = Debug;
		};
		925D8E821D2D79C1000F44F7 /* Release */ = {
			isa = XCBuildConfiguration;
			baseConfigurationReference = 4E6527A0FFB4200130D4B799 /* Pods-TCSandboxTests.release.xcconfig */;
			buildSettings = {
				BUNDLE_LOADER = "$(TEST_HOST)";
				INFOPLIST_FILE = TCSandboxTests/Info.plist;
				LD_RUNPATH_SEARCH_PATHS = "$(inherited) @executable_path/Frameworks @loader_path/Frameworks";
				PRODUCT_BUNDLE_IDENTIFIER = RainbowRaccoonz.TCSandboxTests;
				PRODUCT_NAME = "$(TARGET_NAME)";
				TEST_HOST = "$(BUILT_PRODUCTS_DIR)/TCSandbox.app/TCSandbox";
			};
			name = Release;
		};
		925D8E841D2D79C1000F44F7 /* Debug */ = {
			isa = XCBuildConfiguration;
			baseConfigurationReference = 91CFCFB2B6F7ABF86C38464D /* Pods-TCSandboxUITests.debug.xcconfig */;
			buildSettings = {
				INFOPLIST_FILE = TCSandboxUITests/Info.plist;
				LD_RUNPATH_SEARCH_PATHS = "$(inherited) @executable_path/Frameworks @loader_path/Frameworks";
				PRODUCT_BUNDLE_IDENTIFIER = RainbowRaccoonz.TCSandboxUITests;
				PRODUCT_NAME = "$(TARGET_NAME)";
				TEST_TARGET_NAME = TCSandbox;
			};
			name = Debug;
		};
		925D8E851D2D79C1000F44F7 /* Release */ = {
			isa = XCBuildConfiguration;
			baseConfigurationReference = 8157BE4C0B12BE68A7F57284 /* Pods-TCSandboxUITests.release.xcconfig */;
			buildSettings = {
				INFOPLIST_FILE = TCSandboxUITests/Info.plist;
				LD_RUNPATH_SEARCH_PATHS = "$(inherited) @executable_path/Frameworks @loader_path/Frameworks";
				PRODUCT_BUNDLE_IDENTIFIER = RainbowRaccoonz.TCSandboxUITests;
				PRODUCT_NAME = "$(TARGET_NAME)";
				TEST_TARGET_NAME = TCSandbox;
			};
			name = Release;
		};
/* End XCBuildConfiguration section */

/* Begin XCConfigurationList section */
		925D8E501D2D79C1000F44F7 /* Build configuration list for PBXProject "TCSandbox" */ = {
			isa = XCConfigurationList;
			buildConfigurations = (
				925D8E7B1D2D79C1000F44F7 /* Debug */,
				925D8E7C1D2D79C1000F44F7 /* Release */,
			);
			defaultConfigurationIsVisible = 0;
			defaultConfigurationName = Release;
		};
		925D8E7D1D2D79C1000F44F7 /* Build configuration list for PBXNativeTarget "TCSandbox" */ = {
			isa = XCConfigurationList;
			buildConfigurations = (
				925D8E7E1D2D79C1000F44F7 /* Debug */,
				925D8E7F1D2D79C1000F44F7 /* Release */,
			);
			defaultConfigurationIsVisible = 0;
			defaultConfigurationName = Release;
		};
		925D8E801D2D79C1000F44F7 /* Build configuration list for PBXNativeTarget "TCSandboxTests" */ = {
			isa = XCConfigurationList;
			buildConfigurations = (
				925D8E811D2D79C1000F44F7 /* Debug */,
				925D8E821D2D79C1000F44F7 /* Release */,
			);
			defaultConfigurationIsVisible = 0;
			defaultConfigurationName = Release;
		};
		925D8E831D2D79C1000F44F7 /* Build configuration list for PBXNativeTarget "TCSandboxUITests" */ = {
			isa = XCConfigurationList;
			buildConfigurations = (
				925D8E841D2D79C1000F44F7 /* Debug */,
				925D8E851D2D79C1000F44F7 /* Release */,
			);
			defaultConfigurationIsVisible = 0;
			defaultConfigurationName = Release;
		};
/* End XCConfigurationList section */
	};
	rootObject = 925D8E4D1D2D79C1000F44F7 /* Project object */;
}
